// !$*UTF8*$!
{
	archiveVersion = 1;
	classes = {
	};
	objectVersion = 46;
	objects = {

/* Begin PBXBuildFile section */
		8C54157C1C465FB3004B0F6D /* CosmeticListModel.swift in Sources */ = {isa = PBXBuildFile; fileRef = 8C54157B1C465FB3004B0F6D /* CosmeticListModel.swift */; };
		8C54157E1C466B61004B0F6D /* Default-568h@2x.png in Resources */ = {isa = PBXBuildFile; fileRef = 8C54157D1C466B61004B0F6D /* Default-568h@2x.png */; };
		8CD7532F1C45CDF80044AF00 /* MainTableViewCell.swift in Sources */ = {isa = PBXBuildFile; fileRef = 8CD7532E1C45CDF80044AF00 /* MainTableViewCell.swift */; };
		8CDCE9DF1C44E30D00A99ECD /* AppDelegate.swift in Sources */ = {isa = PBXBuildFile; fileRef = 8CDCE9DE1C44E30D00A99ECD /* AppDelegate.swift */; };
		8CDCE9E11C44E30D00A99ECD /* ViewController.swift in Sources */ = {isa = PBXBuildFile; fileRef = 8CDCE9E01C44E30D00A99ECD /* ViewController.swift */; };
		8CDCE9E41C44E30D00A99ECD /* Main.storyboard in Resources */ = {isa = PBXBuildFile; fileRef = 8CDCE9E21C44E30D00A99ECD /* Main.storyboard */; };
		8CDCE9E61C44E30D00A99ECD /* Assets.xcassets in Resources */ = {isa = PBXBuildFile; fileRef = 8CDCE9E51C44E30D00A99ECD /* Assets.xcassets */; };
		8CDCE9E91C44E30D00A99ECD /* LaunchScreen.storyboard in Resources */ = {isa = PBXBuildFile; fileRef = 8CDCE9E71C44E30D00A99ECD /* LaunchScreen.storyboard */; };
		8CDCE9F21C44F17F00A99ECD /* Sign.storyboard in Resources */ = {isa = PBXBuildFile; fileRef = 8CDCE9F11C44F17F00A99ECD /* Sign.storyboard */; };
		8CDCE9F41C44F29300A99ECD /* MainVC.swift in Sources */ = {isa = PBXBuildFile; fileRef = 8CDCE9F31C44F29300A99ECD /* MainVC.swift */; };
		8CDCE9FA1C4563FD00A99ECD /* DetailVC.swift in Sources */ = {isa = PBXBuildFile; fileRef = 8CDCE9F91C4563FD00A99ECD /* DetailVC.swift */; };
		C9D681716078E2B6EB9C2734 /* Pods.framework in Frameworks */ = {isa = PBXBuildFile; fileRef = 16D7E4F16764E1C350511079 /* Pods.framework */; };
/* End PBXBuildFile section */

/* Begin PBXFileReference section */
		16D7E4F16764E1C350511079 /* Pods.framework */ = {isa = PBXFileReference; explicitFileType = wrapper.framework; includeInIndex = 0; path = Pods.framework; sourceTree = BUILT_PRODUCTS_DIR; };
		269303AE4E276EDACF52B9C2 /* Pods.release.xcconfig */ = {isa = PBXFileReference; includeInIndex = 1; lastKnownFileType = text.xcconfig; name = Pods.release.xcconfig; path = "Pods/Target Support Files/Pods/Pods.release.xcconfig"; sourceTree = "<group>"; };
		8C54157B1C465FB3004B0F6D /* CosmeticListModel.swift */ = {isa = PBXFileReference; fileEncoding = 4; lastKnownFileType = sourcecode.swift; path = CosmeticListModel.swift; sourceTree = "<group>"; };
		8C54157D1C466B61004B0F6D /* Default-568h@2x.png */ = {isa = PBXFileReference; lastKnownFileType = image.png; path = "Default-568h@2x.png"; sourceTree = "<group>"; };
		8CD7532E1C45CDF80044AF00 /* MainTableViewCell.swift */ = {isa = PBXFileReference; fileEncoding = 4; lastKnownFileType = sourcecode.swift; path = MainTableViewCell.swift; sourceTree = "<group>"; };
		8CDCE9DB1C44E30C00A99ECD /* minicosmetic.app */ = {isa = PBXFileReference; explicitFileType = wrapper.application; includeInIndex = 0; path = minicosmetic.app; sourceTree = BUILT_PRODUCTS_DIR; };
		8CDCE9DE1C44E30D00A99ECD /* AppDelegate.swift */ = {isa = PBXFileReference; lastKnownFileType = sourcecode.swift; path = AppDelegate.swift; sourceTree = "<group>"; };
		8CDCE9E01C44E30D00A99ECD /* ViewController.swift */ = {isa = PBXFileReference; lastKnownFileType = sourcecode.swift; path = ViewController.swift; sourceTree = "<group>"; };
		8CDCE9E31C44E30D00A99ECD /* Base */ = {isa = PBXFileReference; lastKnownFileType = file.storyboard; name = Base; path = Base.lproj/Main.storyboard; sourceTree = "<group>"; };
		8CDCE9E51C44E30D00A99ECD /* Assets.xcassets */ = {isa = PBXFileReference; lastKnownFileType = folder.assetcatalog; path = Assets.xcassets; sourceTree = "<group>"; };
		8CDCE9E81C44E30D00A99ECD /* Base */ = {isa = PBXFileReference; lastKnownFileType = file.storyboard; name = Base; path = Base.lproj/LaunchScreen.storyboard; sourceTree = "<group>"; };
		8CDCE9EA1C44E30D00A99ECD /* Info.plist */ = {isa = PBXFileReference; lastKnownFileType = text.plist.xml; path = Info.plist; sourceTree = "<group>"; };
		8CDCE9F11C44F17F00A99ECD /* Sign.storyboard */ = {isa = PBXFileReference; fileEncoding = 4; lastKnownFileType = file.storyboard; path = Sign.storyboard; sourceTree = "<group>"; };
		8CDCE9F31C44F29300A99ECD /* MainVC.swift */ = {isa = PBXFileReference; fileEncoding = 4; lastKnownFileType = sourcecode.swift; path = MainVC.swift; sourceTree = "<group>"; };
		8CDCE9F91C4563FD00A99ECD /* DetailVC.swift */ = {isa = PBXFileReference; fileEncoding = 4; lastKnownFileType = sourcecode.swift; path = DetailVC.swift; sourceTree = "<group>"; };
		E0923883EE5AC1E1D57664D7 /* Pods.debug.xcconfig */ = {isa = PBXFileReference; includeInIndex = 1; lastKnownFileType = text.xcconfig; name = Pods.debug.xcconfig; path = "Pods/Target Support Files/Pods/Pods.debug.xcconfig"; sourceTree = "<group>"; };
/* End PBXFileReference section */

/* Begin PBXFrameworksBuildPhase section */
		8CDCE9D81C44E30C00A99ECD /* Frameworks */ = {
			isa = PBXFrameworksBuildPhase;
			buildActionMask = 2147483647;
			files = (
				C9D681716078E2B6EB9C2734 /* Pods.framework in Frameworks */,
			);
			runOnlyForDeploymentPostprocessing = 0;
		};
/* End PBXFrameworksBuildPhase section */

/* Begin PBXGroup section */
		8CDCE9D21C44E30C00A99ECD = {
			isa = PBXGroup;
			children = (
				8C54157D1C466B61004B0F6D /* Default-568h@2x.png */,
				8CDCE9DD1C44E30C00A99ECD /* minicosmetic */,
				8CDCE9DC1C44E30C00A99ECD /* Products */,
				D4F1AD0942354F8F1181BCC1 /* Pods */,
				E399C7A49C211ECC95A01EE6 /* Frameworks */,
			);
			sourceTree = "<group>";
		};
		8CDCE9DC1C44E30C00A99ECD /* Products */ = {
			isa = PBXGroup;
			children = (
				8CDCE9DB1C44E30C00A99ECD /* minicosmetic.app */,
			);
			name = Products;
			sourceTree = "<group>";
		};
		8CDCE9DD1C44E30C00A99ECD /* minicosmetic */ = {
			isa = PBXGroup;
			children = (
				8CDCE9F01C44F16300A99ECD /* sign */,
				8CDCE9DE1C44E30D00A99ECD /* AppDelegate.swift */,
				8CDCE9E01C44E30D00A99ECD /* ViewController.swift */,
				8C54157B1C465FB3004B0F6D /* CosmeticListModel.swift */,
				8CDCE9F31C44F29300A99ECD /* MainVC.swift */,
				8CDCE9F91C4563FD00A99ECD /* DetailVC.swift */,
				8CDCE9E21C44E30D00A99ECD /* Main.storyboard */,
				8CDCE9E51C44E30D00A99ECD /* Assets.xcassets */,
				8CDCE9E71C44E30D00A99ECD /* LaunchScreen.storyboard */,
				8CDCE9EA1C44E30D00A99ECD /* Info.plist */,
				8CD7532E1C45CDF80044AF00 /* MainTableViewCell.swift */,
			);
			path = minicosmetic;
			sourceTree = "<group>";
		};
		8CDCE9F01C44F16300A99ECD /* sign */ = {
			isa = PBXGroup;
			children = (
				8CDCE9F11C44F17F00A99ECD /* Sign.storyboard */,
			);
			name = sign;
			sourceTree = "<group>";
		};
		D4F1AD0942354F8F1181BCC1 /* Pods */ = {
			isa = PBXGroup;
			children = (
				E0923883EE5AC1E1D57664D7 /* Pods.debug.xcconfig */,
				269303AE4E276EDACF52B9C2 /* Pods.release.xcconfig */,
			);
			name = Pods;
			sourceTree = "<group>";
		};
		E399C7A49C211ECC95A01EE6 /* Frameworks */ = {
			isa = PBXGroup;
			children = (
				16D7E4F16764E1C350511079 /* Pods.framework */,
			);
			name = Frameworks;
			sourceTree = "<group>";
		};
/* End PBXGroup section */

/* Begin PBXNativeTarget section */
		8CDCE9DA1C44E30C00A99ECD /* minicosmetic */ = {
			isa = PBXNativeTarget;
			buildConfigurationList = 8CDCE9ED1C44E30D00A99ECD /* Build configuration list for PBXNativeTarget "minicosmetic" */;
			buildPhases = (
				3714CD7BB0C85422F9C31849 /* Check Pods Manifest.lock */,
				8CDCE9D71C44E30C00A99ECD /* Sources */,
				8CDCE9D81C44E30C00A99ECD /* Frameworks */,
				8CDCE9D91C44E30C00A99ECD /* Resources */,
				38E4C83A44C816258735D899 /* Embed Pods Frameworks */,
				CCF42D977D3E8FB09D215ABA /* Copy Pods Resources */,
			);
			buildRules = (
			);
			dependencies = (
			);
			name = minicosmetic;
			productName = minicosmetic;
			productReference = 8CDCE9DB1C44E30C00A99ECD /* minicosmetic.app */;
			productType = "com.apple.product-type.application";
		};
/* End PBXNativeTarget section */

/* Begin PBXProject section */
		8CDCE9D31C44E30C00A99ECD /* Project object */ = {
			isa = PBXProject;
			attributes = {
				LastSwiftUpdateCheck = 0720;
				LastUpgradeCheck = 0720;
				ORGANIZATIONNAME = yeoeun;
				TargetAttributes = {
					8CDCE9DA1C44E30C00A99ECD = {
						CreatedOnToolsVersion = 7.2;
					};
				};
			};
			buildConfigurationList = 8CDCE9D61C44E30C00A99ECD /* Build configuration list for PBXProject "minicosmetic" */;
			compatibilityVersion = "Xcode 3.2";
			developmentRegion = English;
			hasScannedForEncodings = 0;
			knownRegions = (
				en,
				Base,
			);
			mainGroup = 8CDCE9D21C44E30C00A99ECD;
			productRefGroup = 8CDCE9DC1C44E30C00A99ECD /* Products */;
			projectDirPath = "";
			projectRoot = "";
			targets = (
				8CDCE9DA1C44E30C00A99ECD /* minicosmetic */,
			);
		};
/* End PBXProject section */

/* Begin PBXResourcesBuildPhase section */
		8CDCE9D91C44E30C00A99ECD /* Resources */ = {
			isa = PBXResourcesBuildPhase;
			buildActionMask = 2147483647;
			files = (
				8CDCE9E91C44E30D00A99ECD /* LaunchScreen.storyboard in Resources */,
				8CDCE9E61C44E30D00A99ECD /* Assets.xcassets in Resources */,
				8CDCE9E41C44E30D00A99ECD /* Main.storyboard in Resources */,
				8C54157E1C466B61004B0F6D /* Default-568h@2x.png in Resources */,
				8CDCE9F21C44F17F00A99ECD /* Sign.storyboard in Resources */,
			);
			runOnlyForDeploymentPostprocessing = 0;
		};
/* End PBXResourcesBuildPhase section */

/* Begin PBXShellScriptBuildPhase section */
		3714CD7BB0C85422F9C31849 /* Check Pods Manifest.lock */ = {
			isa = PBXShellScriptBuildPhase;
			buildActionMask = 2147483647;
			files = (
			);
			inputPaths = (
			);
			name = "Check Pods Manifest.lock";
			outputPaths = (
			);
			runOnlyForDeploymentPostprocessing = 0;
			shellPath = /bin/sh;
			shellScript = "diff \"${PODS_ROOT}/../Podfile.lock\" \"${PODS_ROOT}/Manifest.lock\" > /dev/null\nif [[ $? != 0 ]] ; then\n    cat << EOM\nerror: The sandbox is not in sync with the Podfile.lock. Run 'pod install' or update your CocoaPods installation.\nEOM\n    exit 1\nfi\n";
			showEnvVarsInLog = 0;
		};
		38E4C83A44C816258735D899 /* Embed Pods Frameworks */ = {
			isa = PBXShellScriptBuildPhase;
			buildActionMask = 2147483647;
			files = (
			);
			inputPaths = (
			);
			name = "Embed Pods Frameworks";
			outputPaths = (
			);
			runOnlyForDeploymentPostprocessing = 0;
			shellPath = /bin/sh;
			shellScript = "\"${SRCROOT}/Pods/Target Support Files/Pods/Pods-frameworks.sh\"\n";
			showEnvVarsInLog = 0;
		};
		CCF42D977D3E8FB09D215ABA /* Copy Pods Resources */ = {
			isa = PBXShellScriptBuildPhase;
			buildActionMask = 2147483647;
			files = (
			);
			inputPaths = (
			);
			name = "Copy Pods Resources";
			outputPaths = (
			);
			runOnlyForDeploymentPostprocessing = 0;
			shellPath = /bin/sh;
			shellScript = "\"${SRCROOT}/Pods/Target Support Files/Pods/Pods-resources.sh\"\n";
			showEnvVarsInLog = 0;
		};
/* End PBXShellScriptBuildPhase section */

/* Begin PBXSourcesBuildPhase section */
		8CDCE9D71C44E30C00A99ECD /* Sources */ = {
			isa = PBXSourcesBuildPhase;
			buildActionMask = 2147483647;
			files = (
				8CDCE9FA1C4563FD00A99ECD /* DetailVC.swift in Sources */,
				8CDCE9E11C44E30D00A99ECD /* ViewController.swift in Sources */,
				8CDCE9F41C44F29300A99ECD /* MainVC.swift in Sources */,
				8CDCE9DF1C44E30D00A99ECD /* AppDelegate.swift in Sources */,
				8C54157C1C465FB3004B0F6D /* CosmeticListModel.swift in Sources */,
				8CD7532F1C45CDF80044AF00 /* MainTableViewCell.swift in Sources */,
			);
			runOnlyForDeploymentPostprocessing = 0;
		};
/* End PBXSourcesBuildPhase section */

/* Begin PBXVariantGroup section */
		8CDCE9E21C44E30D00A99ECD /* Main.storyboard */ = {
			isa = PBXVariantGroup;
			children = (
				8CDCE9E31C44E30D00A99ECD /* Base */,
			);
			name = Main.storyboard;
			sourceTree = "<group>";
		};
		8CDCE9E71C44E30D00A99ECD /* LaunchScreen.storyboard */ = {
			isa = PBXVariantGroup;
			children = (
				8CDCE9E81C44E30D00A99ECD /* Base */,
			);
			name = LaunchScreen.storyboard;
			sourceTree = "<group>";
		};
/* End PBXVariantGroup section */

/* Begin XCBuildConfiguration section */
		8CDCE9EB1C44E30D00A99ECD /* Debug */ = {
			isa = XCBuildConfiguration;
			buildSettings = {
				ALWAYS_SEARCH_USER_PATHS = NO;
				CLANG_CXX_LANGUAGE_STANDARD = "gnu++0x";
				CLANG_CXX_LIBRARY = "libc++";
				CLANG_ENABLE_MODULES = YES;
				CLANG_ENABLE_OBJC_ARC = YES;
				CLANG_WARN_BOOL_CONVERSION = YES;
				CLANG_WARN_CONSTANT_CONVERSION = YES;
				CLANG_WARN_DIRECT_OBJC_ISA_USAGE = YES_ERROR;
				CLANG_WARN_EMPTY_BODY = YES;
				CLANG_WARN_ENUM_CONVERSION = YES;
				CLANG_WARN_INT_CONVERSION = YES;
				CLANG_WARN_OBJC_ROOT_CLASS = YES_ERROR;
				CLANG_WARN_UNREACHABLE_CODE = YES;
				CLANG_WARN__DUPLICATE_METHOD_MATCH = YES;
				"CODE_SIGN_IDENTITY[sdk=iphoneos*]" = "iPhone Developer";
				COPY_PHASE_STRIP = NO;
				DEBUG_INFORMATION_FORMAT = dwarf;
				ENABLE_STRICT_OBJC_MSGSEND = YES;
				ENABLE_TESTABILITY = YES;
				GCC_C_LANGUAGE_STANDARD = gnu99;
				GCC_DYNAMIC_NO_PIC = NO;
				GCC_NO_COMMON_BLOCKS = YES;
				GCC_OPTIMIZATION_LEVEL = 0;
				GCC_PREPROCESSOR_DEFINITIONS = (
					"DEBUG=1",
					"$(inherited)",
				);
				GCC_WARN_64_TO_32_BIT_CONVERSION = YES;
				GCC_WARN_ABOUT_RETURN_TYPE = YES_ERROR;
				GCC_WARN_UNDECLARED_SELECTOR = YES;
				GCC_WARN_UNINITIALIZED_AUTOS = YES_AGGRESSIVE;
				GCC_WARN_UNUSED_FUNCTION = YES;
				GCC_WARN_UNUSED_VARIABLE = YES;
				IPHONEOS_DEPLOYMENT_TARGET = 9.2;
				MTL_ENABLE_DEBUG_INFO = YES;
				ONLY_ACTIVE_ARCH = YES;
				SDKROOT = iphoneos;
				SWIFT_OPTIMIZATION_LEVEL = "-Onone";
				TARGETED_DEVICE_FAMILY = "1,2";
			};
			name = Debug;
		};
		8CDCE9EC1C44E30D00A99ECD /* Release */ = {
			isa = XCBuildConfiguration;
			buildSettings = {
				ALWAYS_SEARCH_USER_PATHS = NO;
				CLANG_CXX_LANGUAGE_STANDARD = "gnu++0x";
				CLANG_CXX_LIBRARY = "libc++";
				CLANG_ENABLE_MODULES = YES;
				CLANG_ENABLE_OBJC_ARC = YES;
				CLANG_WARN_BOOL_CONVERSION = YES;
				CLANG_WARN_CONSTANT_CONVERSION = YES;
				CLANG_WARN_DIRECT_OBJC_ISA_USAGE = YES_ERROR;
				CLANG_WARN_EMPTY_BODY = YES;
				CLANG_WARN_ENUM_CONVERSION = YES;
				CLANG_WARN_INT_CONVERSION = YES;
				CLANG_WARN_OBJC_ROOT_CLASS = YES_ERROR;
				CLANG_WARN_UNREACHABLE_CODE = YES;
				CLANG_WARN__DUPLICATE_METHOD_MATCH = YES;
				"CODE_SIGN_IDENTITY[sdk=iphoneos*]" = "iPhone Developer";
				COPY_PHASE_STRIP = NO;
				DEBUG_INFORMATION_FORMAT = "dwarf-with-dsym";
				ENABLE_NS_ASSERTIONS = NO;
				ENABLE_STRICT_OBJC_MSGSEND = YES;
				GCC_C_LANGUAGE_STANDARD = gnu99;
				GCC_NO_COMMON_BLOCKS = YES;
				GCC_WARN_64_TO_32_BIT_CONVERSION = YES;
				GCC_WARN_ABOUT_RETURN_TYPE = YES_ERROR;
				GCC_WARN_UNDECLARED_SELECTOR = YES;
				GCC_WARN_UNINITIALIZED_AUTOS = YES_AGGRESSIVE;
				GCC_WARN_UNUSED_FUNCTION = YES;
				GCC_WARN_UNUSED_VARIABLE = YES;
				IPHONEOS_DEPLOYMENT_TARGET = 9.2;
				MTL_ENABLE_DEBUG_INFO = NO;
				SDKROOT = iphoneos;
				TARGETED_DEVICE_FAMILY = "1,2";
				VALIDATE_PRODUCT = YES;
			};
			name = Release;
		};
		8CDCE9EE1C44E30D00A99ECD /* Debug */ = {
			isa = XCBuildConfiguration;
			baseConfigurationReference = E0923883EE5AC1E1D57664D7 /* Pods.debug.xcconfig */;
			buildSettings = {
				ASSETCATALOG_COMPILER_APPICON_NAME = AppIcon;
				INFOPLIST_FILE = minicosmetic/Info.plist;
				LD_RUNPATH_SEARCH_PATHS = "$(inherited) @executable_path/Frameworks";
				PRODUCT_BUNDLE_IDENTIFIER = woowahan.study.minicosmetic;
				PRODUCT_NAME = "$(TARGET_NAME)";
			};
			name = Debug;
		};
		8CDCE9EF1C44E30D00A99ECD /* Release */ = {
			isa = XCBuildConfiguration;
			baseConfigurationReference = 269303AE4E276EDACF52B9C2 /* Pods.release.xcconfig */;
			buildSettings = {
				ASSETCATALOG_COMPILER_APPICON_NAME = AppIcon;
				INFOPLIST_FILE = minicosmetic/Info.plist;
				LD_RUNPATH_SEARCH_PATHS = "$(inherited) @executable_path/Frameworks";
				PRODUCT_BUNDLE_IDENTIFIER = woowahan.study.minicosmetic;
				PRODUCT_NAME = "$(TARGET_NAME)";
			};
			name = Release;
		};
/* End XCBuildConfiguration section */

/* Begin XCConfigurationList section */
		8CDCE9D61C44E30C00A99ECD /* Build configuration list for PBXProject "minicosmetic" */ = {
			isa = XCConfigurationList;
			buildConfigurations = (
				8CDCE9EB1C44E30D00A99ECD /* Debug */,
				8CDCE9EC1C44E30D00A99ECD /* Release */,
			);
			defaultConfigurationIsVisible = 0;
			defaultConfigurationName = Release;
		};
		8CDCE9ED1C44E30D00A99ECD /* Build configuration list for PBXNativeTarget "minicosmetic" */ = {
			isa = XCConfigurationList;
			buildConfigurations = (
				8CDCE9EE1C44E30D00A99ECD /* Debug */,
				8CDCE9EF1C44E30D00A99ECD /* Release */,
			);
			defaultConfigurationIsVisible = 0;
			defaultConfigurationName = Release;
		};
/* End XCConfigurationList section */
	};
	rootObject = 8CDCE9D31C44E30C00A99ECD /* Project object */;
}
